{
    "_meta": {
        "hash": {
            "sha256": "1a3d1e41da4bfc10313ce31efffe22a6ce18b6c467a2274795114ecae01ea31c"
        },
        "pipfile-spec": 6,
        "requires": {
            "python_version": "3.10"
        },
        "sources": [
            {
                "name": "pypi",
                "url": "https://pypi.org/simple",
                "verify_ssl": true
            }
        ]
    },
    "default": {
        "allpairspy": {
            "hashes": [
                "sha256:66dbcb30c22a2c73e1cccae9ae7093f8e18bdf542e4ba2864ce822463735b5b4",
                "sha256:9358484c91abe74ba18daf9d6d6904c5be7cc8818397d05248c9d336023c28b1"
            ],
            "index": "pypi",
            "version": "==2.5.0"
        },
        "six": {
            "hashes": [
                "sha256:1e61c37477a1626458e36f7b1d82aa5c9b094fa4802892072e49de9c60c4c926",
                "sha256:8abb2f1d86890a2dfb989f9a77cfcfd3e47c2a354b01111771326f8aa26e0254"
            ],
            "markers": "python_version >= '2.7' and python_version not in '3.0, 3.1, 3.2'",
            "version": "==1.16.0"
        }
    },
    "develop": {}
}
